{
  "name": "codemirror-gleam-lang",
  "version": "1.0.0",
  "lockfileVersion": 2,
  "requires": true,
  "packages": {
    "": {
      "name": "codemirror-gleam-lang",
      "version": "1.0.0",
      "license": "ISC",
      "dependencies": {
        "@codemirror/highlight": "^0.19.0",
        "@codemirror/language": "^0.19.0",
        "@lezer/lr": "^0.15.0"
      },
      "devDependencies": {
        "@lezer/generator": "^0.15.0",
        "typescript": "^4.3.4"
      }
    },
    "node_modules/@codemirror/highlight": {
      "version": "0.19.6",
      "resolved": "https://registry.npmjs.org/@codemirror/highlight/-/highlight-0.19.6.tgz",
      "integrity": "sha512-+eibu6on9quY8uN3xJ/n3rH+YIDLlpX7YulVmFvqAIz/ukRQ5tWaBmB7fMixHmnmRIRBRZgB8rNtonuMwZSAHQ==",
      "dependencies": {
        "@codemirror/language": "^0.19.0",
        "@codemirror/rangeset": "^0.19.0",
        "@codemirror/state": "^0.19.0",
        "@codemirror/view": "^0.19.0",
        "@lezer/common": "^0.15.0",
        "style-mod": "^4.0.0"
      }
    },
    "node_modules/@codemirror/language": {
      "version": "0.19.6",
      "resolved": "https://registry.npmjs.org/@codemirror/language/-/language-0.19.6.tgz",
      "integrity": "sha512-or5TU/bxhsQdhXT70SK/h9V/gX/rElDEQyG29VbEDnHZ8TaDo3xsX900EYP02/tpIj8sConefmuMQfrePr+OCA==",
      "dependencies": {
        "@codemirror/state": "^0.19.0",
        "@codemirror/text": "^0.19.0",
        "@codemirror/view": "^0.19.0",
        "@lezer/common": "^0.15.5",
        "@lezer/lr": "^0.15.0"
      }
    },
    "node_modules/@codemirror/rangeset": {
      "version": "0.19.2",
      "resolved": "https://registry.npmjs.org/@codemirror/rangeset/-/rangeset-0.19.2.tgz",
      "integrity": "sha512-5d+X8LtmeZtfFtKrSx57bIHRUpKv2HD0b74clp4fGA7qJLLfYehF6FGkJJxJb8lKsqAga1gdjjWr0jiypmIxoQ==",
      "dependencies": {
        "@codemirror/state": "^0.19.0"
      }
    },
    "node_modules/@codemirror/state": {
      "version": "0.19.6",
      "resolved": "https://registry.npmjs.org/@codemirror/state/-/state-0.19.6.tgz",
      "integrity": "sha512-sqIQZE9VqwQj7D4c2oz9mfLhlT1ElAzGB5lO1lE33BPyrdNy1cJyCIOecT4cn4VeJOFrnjOeu+IftZ3zqdFETw==",
      "dependencies": {
        "@codemirror/text": "^0.19.0"
      }
    },
    "node_modules/@codemirror/text": {
      "version": "0.19.5",
      "resolved": "https://registry.npmjs.org/@codemirror/text/-/text-0.19.5.tgz",
      "integrity": "sha512-Syu5Xc7tZzeUAM/y4fETkT0zgGr48rDG+w4U38bPwSIUr+L9S/7w2wDE1WGNzjaZPz12F6gb1gxWiSTg9ocLow=="
    },
    "node_modules/@codemirror/view": {
      "version": "0.19.21",
      "resolved": "https://registry.npmjs.org/@codemirror/view/-/view-0.19.21.tgz",
      "integrity": "sha512-us5ENWr3ZFdXnIkylqVM3KCIPYepLyFhNmQqYMI3w2i/+ERoJGtyKPhiFuk5NpUjkONaZB3cHGBU+Z3mjqQFiw==",
      "dependencies": {
        "@codemirror/rangeset": "^0.19.0",
        "@codemirror/state": "^0.19.3",
        "@codemirror/text": "^0.19.0",
        "style-mod": "^4.0.0",
        "w3c-keyname": "^2.2.4"
      }
    },
    "node_modules/@lezer/common": {
      "version": "0.15.9",
      "resolved": "https://registry.npmjs.org/@lezer/common/-/common-0.15.9.tgz",
      "integrity": "sha512-N86tOY/g9pZQuKbmUjL4TQTegm4/34TZXxp1TYYFGdd9Rnhd9RPjQ3zp4q5qp/2qs4xlF4Dheg19K+JqAtvZxg=="
    },
    "node_modules/@lezer/generator": {
      "version": "0.15.2",
      "resolved": "https://registry.npmjs.org/@lezer/generator/-/generator-0.15.2.tgz",
      "integrity": "sha512-nxY6TTj0ZAcAvg1zEeaZnt1xODdyPhD0lTaPOgcGOVFHhwwx0Oz7CxZB7Rh+xRCXFr5kJWDtM1uXPp80UZjhAg==",
      "dev": true,
      "dependencies": {
        "@lezer/common": "^0.15.0",
        "@lezer/lr": "^0.15.0"
      },
      "bin": {
        "lezer-generator": "dist/lezer-generator.cjs"
      }
    },
    "node_modules/@lezer/lr": {
      "version": "0.15.4",
      "resolved": "https://registry.npmjs.org/@lezer/lr/-/lr-0.15.4.tgz",
      "integrity": "sha512-vwgG80sihEGJn6wJp6VijXrnzVai/KPva/OzYKaWvIx0IiXKjoMQ8UAwcgpSBwfS4Fbz3IKOX/cCNXU3r1FvpQ==",
      "dependencies": {
        "@lezer/common": "^0.15.0"
      }
    },
    "node_modules/style-mod": {
      "version": "4.0.0",
      "resolved": "https://registry.npmjs.org/style-mod/-/style-mod-4.0.0.tgz",
      "integrity": "sha512-OPhtyEjyyN9x3nhPsu76f52yUGXiZcgvsrFVtvTkyGRQJ0XK+GPc6ov1z+lRpbeabka+MYEQxOYRnt5nF30aMw=="
    },
    "node_modules/typescript": {
      "version": "4.5.2",
      "resolved": "https://registry.npmjs.org/typescript/-/typescript-4.5.2.tgz",
      "integrity": "sha512-5BlMof9H1yGt0P8/WF+wPNw6GfctgGjXp5hkblpyT+8rkASSmkUKMXrxR0Xg8ThVCi/JnHQiKXeBaEwCeQwMFw==",
      "dev": true,
      "bin": {
        "tsc": "bin/tsc",
        "tsserver": "bin/tsserver"
      },
      "engines": {
        "node": ">=4.2.0"
      }
    },
    "node_modules/w3c-keyname": {
      "version": "2.2.4",
      "resolved": "https://registry.npmjs.org/w3c-keyname/-/w3c-keyname-2.2.4.tgz",
      "integrity": "sha512-tOhfEwEzFLJzf6d1ZPkYfGj+FWhIpBux9ppoP3rlclw3Z0BZv3N7b7030Z1kYth+6rDuAsXUFr+d0VE6Ed1ikw=="
    }
  },
  "dependencies": {
    "@codemirror/highlight": {
      "version": "0.19.6",
      "resolved": "https://registry.npmjs.org/@codemirror/highlight/-/highlight-0.19.6.tgz",
      "integrity": "sha512-+eibu6on9quY8uN3xJ/n3rH+YIDLlpX7YulVmFvqAIz/ukRQ5tWaBmB7fMixHmnmRIRBRZgB8rNtonuMwZSAHQ==",
      "requires": {
        "@codemirror/language": "^0.19.0",
        "@codemirror/rangeset": "^0.19.0",
        "@codemirror/state": "^0.19.0",
        "@codemirror/view": "^0.19.0",
        "@lezer/common": "^0.15.0",
        "style-mod": "^4.0.0"
      }
    },
    "@codemirror/language": {
      "version": "0.19.6",
      "resolved": "https://registry.npmjs.org/@codemirror/language/-/language-0.19.6.tgz",
      "integrity": "sha512-or5TU/bxhsQdhXT70SK/h9V/gX/rElDEQyG29VbEDnHZ8TaDo3xsX900EYP02/tpIj8sConefmuMQfrePr+OCA==",
      "requires": {
        "@codemirror/state": "^0.19.0",
        "@codemirror/text": "^0.19.0",
        "@codemirror/view": "^0.19.0",
        "@lezer/common": "^0.15.5",
        "@lezer/lr": "^0.15.0"
      }
    },
    "@codemirror/rangeset": {
      "version": "0.19.2",
      "resolved": "https://registry.npmjs.org/@codemirror/rangeset/-/rangeset-0.19.2.tgz",
      "integrity": "sha512-5d+X8LtmeZtfFtKrSx57bIHRUpKv2HD0b74clp4fGA7qJLLfYehF6FGkJJxJb8lKsqAga1gdjjWr0jiypmIxoQ==",
      "requires": {
        "@codemirror/state": "^0.19.0"
      }
    },
    "@codemirror/state": {
      "version": "0.19.6",
      "resolved": "https://registry.npmjs.org/@codemirror/state/-/state-0.19.6.tgz",
      "integrity": "sha512-sqIQZE9VqwQj7D4c2oz9mfLhlT1ElAzGB5lO1lE33BPyrdNy1cJyCIOecT4cn4VeJOFrnjOeu+IftZ3zqdFETw==",
      "requires": {
        "@codemirror/text": "^0.19.0"
      }
    },
    "@codemirror/text": {
      "version": "0.19.5",
      "resolved": "https://registry.npmjs.org/@codemirror/text/-/text-0.19.5.tgz",
      "integrity": "sha512-Syu5Xc7tZzeUAM/y4fETkT0zgGr48rDG+w4U38bPwSIUr+L9S/7w2wDE1WGNzjaZPz12F6gb1gxWiSTg9ocLow=="
    },
    "@codemirror/view": {
      "version": "0.19.21",
      "resolved": "https://registry.npmjs.org/@codemirror/view/-/view-0.19.21.tgz",
      "integrity": "sha512-us5ENWr3ZFdXnIkylqVM3KCIPYepLyFhNmQqYMI3w2i/+ERoJGtyKPhiFuk5NpUjkONaZB3cHGBU+Z3mjqQFiw==",
      "requires": {
        "@codemirror/rangeset": "^0.19.0",
        "@codemirror/state": "^0.19.3",
        "@codemirror/text": "^0.19.0",
        "style-mod": "^4.0.0",
        "w3c-keyname": "^2.2.4"
      }
    },
    "@lezer/common": {
      "version": "0.15.9",
      "resolved": "https://registry.npmjs.org/@lezer/common/-/common-0.15.9.tgz",
      "integrity": "sha512-N86tOY/g9pZQuKbmUjL4TQTegm4/34TZXxp1TYYFGdd9Rnhd9RPjQ3zp4q5qp/2qs4xlF4Dheg19K+JqAtvZxg=="
    },
    "@lezer/generator": {
      "version": "0.15.2",
      "resolved": "https://registry.npmjs.org/@lezer/generator/-/generator-0.15.2.tgz",
      "integrity": "sha512-nxY6TTj0ZAcAvg1zEeaZnt1xODdyPhD0lTaPOgcGOVFHhwwx0Oz7CxZB7Rh+xRCXFr5kJWDtM1uXPp80UZjhAg==",
      "dev": true,
      "requires": {
        "@lezer/common": "^0.15.0",
        "@lezer/lr": "^0.15.0"
      }
    },
    "@lezer/lr": {
      "version": "0.15.4",
      "resolved": "https://registry.npmjs.org/@lezer/lr/-/lr-0.15.4.tgz",
      "integrity": "sha512-vwgG80sihEGJn6wJp6VijXrnzVai/KPva/OzYKaWvIx0IiXKjoMQ8UAwcgpSBwfS4Fbz3IKOX/cCNXU3r1FvpQ==",
      "requires": {
        "@lezer/common": "^0.15.0"
      }
    },
    "style-mod": {
      "version": "4.0.0",
      "resolved": "https://registry.npmjs.org/style-mod/-/style-mod-4.0.0.tgz",
      "integrity": "sha512-OPhtyEjyyN9x3nhPsu76f52yUGXiZcgvsrFVtvTkyGRQJ0XK+GPc6ov1z+lRpbeabka+MYEQxOYRnt5nF30aMw=="
    },
    "typescript": {
      "version": "4.5.2",
      "resolved": "https://registry.npmjs.org/typescript/-/typescript-4.5.2.tgz",
      "integrity": "sha512-5BlMof9H1yGt0P8/WF+wPNw6GfctgGjXp5hkblpyT+8rkASSmkUKMXrxR0Xg8ThVCi/JnHQiKXeBaEwCeQwMFw==",
      "dev": true
    },
    "w3c-keyname": {
      "version": "2.2.4",
      "resolved": "https://registry.npmjs.org/w3c-keyname/-/w3c-keyname-2.2.4.tgz",
      "integrity": "sha512-tOhfEwEzFLJzf6d1ZPkYfGj+FWhIpBux9ppoP3rlclw3Z0BZv3N7b7030Z1kYth+6rDuAsXUFr+d0VE6Ed1ikw=="
    }
  }
}
